<?xml version="1.0" encoding="utf-8"?>
<Project ToolsVersion="4.0" xmlns="http://schemas.microsoft.com/developer/msbuild/2003">
  <ItemGroup>
    <ClCompile Include="..\middleware\glad\src\glad.c" />
    <ClCompile Include="Geometry.cpp" />
    <ClCompile Include="main.cpp" />
    <ClCompile Include="Program.cpp" />
    <ClCompile Include="RenderingEngine.cpp" />
    <ClCompile Include="Scene.cpp" />
    <ClCompile Include="ShaderTools.cpp" />
    <ClCompile Include="Gamestate.cpp" />
    <ClCompile Include="UserInput.cpp" />
    <ClCompile Include="AI_Interaction.cpp" />
    <ClCompile Include="Physics_Controller.cpp" />
    <ClCompile Include="Audio_Controller.cpp" />
    <ClCompile Include="EnemyUnit.cpp" />
    <ClCompile Include="Entity.cpp" />
    <ClCompile Include="MapObstacle.cpp" />
    <ClCompile Include="MapTerrain.cpp" />
    <ClCompile Include="PlayerUnit.cpp" />
    <ClCompile Include="Vehicle.cpp" />
    <ClCompile Include="Camera.cpp" />
    <ClCompile Include="MusicPool.cpp" />
  </ItemGroup>
  <ItemGroup>
    <ClInclude Include="Geometry.h" />
    <ClInclude Include="Program.h" />
    <ClInclude Include="RenderingEngine.h" />
    <ClInclude Include="Scene.h" />
    <ClInclude Include="ShaderTools.h" />
    <ClInclude Include="Gamestate.h" />
    <ClInclude Include="UserInput.h" />
    <ClInclude Include="AI_Interaction.h" />
    <ClInclude Include="Physics_Controller.h" />
    <ClInclude Include="Audio_Controller.h" />
    <ClInclude Include="EnemyUnit.h" />
    <ClInclude Include="Entity.h" />
    <ClInclude Include="MapObstacle.h" />
    <ClInclude Include="MapTerrain.h" />
    <ClInclude Include="PlayerUnit.h" />
    <ClInclude Include="Vehicle.h" />
    <ClInclude Include="Camera.h" />
    <ClInclude Include="MusicPool.h" />
  </ItemGroup>
  <ItemGroup>
    <Text Include="Wasteland_Warrior.vcxproj.filters.txt" />
  </ItemGroup>
  <ItemGroup>
    <None Include="..\shaders\fragment.glsl" />
    <None Include="..\shaders\vertex.glsl" />
    <None Include="..\shaders\geometry.glsl" />
  </ItemGroup>
</Project>