<?xml version="1.0" encoding="utf-8"?>
<Project ToolsVersion="4.0" xmlns="http://schemas.microsoft.com/developer/msbuild/2003">
  <ItemGroup>
    <ClCompile Include="..\middleware\glad\src\glad.c" />
    <ClCompile Include="Geometry.cpp" />
    <ClCompile Include="main.cpp" />
    <ClCompile Include="Program.cpp" />
    <ClCompile Include="RenderingEngine.cpp" />
    <ClCompile Include="Scene.cpp" />
    <ClCompile Include="ShaderTools.cpp" />
    <ClCompile Include="Gamestate.cpp" />
    <ClCompile Include="UserInput.cpp" />
    <ClCompile Include="AI_Interaction.cpp" />
  </ItemGroup>
  <ItemGroup>
    <ClInclude Include="Geometry.h" />
    <ClInclude Include="Program.h" />
    <ClInclude Include="RenderingEngine.h" />
    <ClInclude Include="Scene.h" />
    <ClInclude Include="ShaderTools.h" />
    <ClInclude Include="Gamestate.h" />
    <ClInclude Include="UserInput.h" />
    <ClInclude Include="AI_Interaction.h" />
  </ItemGroup>
</Project>